// !$*UTF8*$!
{
	archiveVersion = 1;
	classes = {
	};
	objectVersion = 51;
	objects = {

/* Begin PBXBuildFile section */
		66AEABBF3C1BF6CF8C0F0838 /* Pods_Messenger.framework in Frameworks */ = {isa = PBXBuildFile; fileRef = 16A4799F384E20FF729E3DFF /* Pods_Messenger.framework */; };
		9864170DEA4B0B090CD223EB /* Pods_Messenger_MessengerUITests.framework in Frameworks */ = {isa = PBXBuildFile; fileRef = 2394F4FC58B0B8BE9D126EC0 /* Pods_Messenger_MessengerUITests.framework */; };
		B47101058C3E4644F80FD17E /* Pods_MessengerTests.framework in Frameworks */ = {isa = PBXBuildFile; fileRef = CABC95970EC4DCD6CB726B06 /* Pods_MessengerTests.framework */; };
		E50B71A624E13D6F00DC0834 /* NewConversationCell.swift in Sources */ = {isa = PBXBuildFile; fileRef = E50B71A524E13D6F00DC0834 /* NewConversationCell.swift */; };
		E5190AD924DC0FCE0029941B /* ConversationTableViewCell.swift in Sources */ = {isa = PBXBuildFile; fileRef = E5190AD824DC0FCE0029941B /* ConversationTableViewCell.swift */; };
		E554EC5D24CF03FF005A1BAD /* ChatViewController.swift in Sources */ = {isa = PBXBuildFile; fileRef = E554EC5C24CF03FF005A1BAD /* ChatViewController.swift */; };
		E554EC5F24D06452005A1BAD /* StorageManager.swift in Sources */ = {isa = PBXBuildFile; fileRef = E554EC5E24D06452005A1BAD /* StorageManager.swift */; };
		E590C3F424CA106400310D6E /* GoogleService-Info.plist in Resources */ = {isa = PBXBuildFile; fileRef = E590C3F324CA106400310D6E /* GoogleService-Info.plist */; };
		E590C3F624CA1DDB00310D6E /* DatabaseManager.swift in Sources */ = {isa = PBXBuildFile; fileRef = E590C3F524CA1DDB00310D6E /* DatabaseManager.swift */; };
		E5950B3024EA8746007528ED /* LocationPickerViewController.swift in Sources */ = {isa = PBXBuildFile; fileRef = E5950B2F24EA8746007528ED /* LocationPickerViewController.swift */; };
		E5955A3624C6FF6600933185 /* AppDelegate.swift in Sources */ = {isa = PBXBuildFile; fileRef = E5955A3524C6FF6600933185 /* AppDelegate.swift */; };
		E5955A3824C6FF6600933185 /* SceneDelegate.swift in Sources */ = {isa = PBXBuildFile; fileRef = E5955A3724C6FF6600933185 /* SceneDelegate.swift */; };
		E5955A3A24C6FF6600933185 /* ConversationsViewController.swift in Sources */ = {isa = PBXBuildFile; fileRef = E5955A3924C6FF6600933185 /* ConversationsViewController.swift */; };
		E5955A3D24C6FF6600933185 /* Main.storyboard in Resources */ = {isa = PBXBuildFile; fileRef = E5955A3B24C6FF6600933185 /* Main.storyboard */; };
		E5955A3F24C6FF6700933185 /* Assets.xcassets in Resources */ = {isa = PBXBuildFile; fileRef = E5955A3E24C6FF6700933185 /* Assets.xcassets */; };
		E5955A4224C6FF6700933185 /* LaunchScreen.storyboard in Resources */ = {isa = PBXBuildFile; fileRef = E5955A4024C6FF6700933185 /* LaunchScreen.storyboard */; };
		E5955A4D24C6FF6700933185 /* MessengerTests.swift in Sources */ = {isa = PBXBuildFile; fileRef = E5955A4C24C6FF6700933185 /* MessengerTests.swift */; };
		E5955A5824C6FF6700933185 /* MessengerUITests.swift in Sources */ = {isa = PBXBuildFile; fileRef = E5955A5724C6FF6700933185 /* MessengerUITests.swift */; };
		E5955A6C24C702F600933185 /* LoginViewController.swift in Sources */ = {isa = PBXBuildFile; fileRef = E5955A6B24C702F600933185 /* LoginViewController.swift */; };
		E5955A6E24C7030900933185 /* RegisterViewController.swift in Sources */ = {isa = PBXBuildFile; fileRef = E5955A6D24C7030900933185 /* RegisterViewController.swift */; };
		E5955A7024C7032600933185 /* PhotoViewerViewController.swift in Sources */ = {isa = PBXBuildFile; fileRef = E5955A6F24C7032600933185 /* PhotoViewerViewController.swift */; };
		E5955A7224C7033700933185 /* VideoPlayerViewController.swift in Sources */ = {isa = PBXBuildFile; fileRef = E5955A7124C7033700933185 /* VideoPlayerViewController.swift */; };
		E5955A7424C7036000933185 /* NewConversationViewController.swift in Sources */ = {isa = PBXBuildFile; fileRef = E5955A7324C7036000933185 /* NewConversationViewController.swift */; };
		E5955A7624C7037400933185 /* ProfileViewController.swift in Sources */ = {isa = PBXBuildFile; fileRef = E5955A7524C7037400933185 /* ProfileViewController.swift */; };
		E5955A7924C75B2F00933185 /* Extensions.swift in Sources */ = {isa = PBXBuildFile; fileRef = E5955A7824C75B2F00933185 /* Extensions.swift */; };
/* End PBXBuildFile section */

/* Begin PBXContainerItemProxy section */
		E5955A4924C6FF6700933185 /* PBXContainerItemProxy */ = {
			isa = PBXContainerItemProxy;
			containerPortal = E5955A2A24C6FF6600933185 /* Project object */;
			proxyType = 1;
			remoteGlobalIDString = E5955A3124C6FF6600933185;
			remoteInfo = Messenger;
		};
		E5955A5424C6FF6700933185 /* PBXContainerItemProxy */ = {
			isa = PBXContainerItemProxy;
			containerPortal = E5955A2A24C6FF6600933185 /* Project object */;
			proxyType = 1;
			remoteGlobalIDString = E5955A3124C6FF6600933185;
			remoteInfo = Messenger;
		};
/* End PBXContainerItemProxy section */

/* Begin PBXFileReference section */
		16A4799F384E20FF729E3DFF /* Pods_Messenger.framework */ = {isa = PBXFileReference; explicitFileType = wrapper.framework; includeInIndex = 0; path = Pods_Messenger.framework; sourceTree = BUILT_PRODUCTS_DIR; };
		2394F4FC58B0B8BE9D126EC0 /* Pods_Messenger_MessengerUITests.framework */ = {isa = PBXFileReference; explicitFileType = wrapper.framework; includeInIndex = 0; path = Pods_Messenger_MessengerUITests.framework; sourceTree = BUILT_PRODUCTS_DIR; };
		28066C8C7B9EE6BD17EFC01D /* Pods-Messenger.debug.xcconfig */ = {isa = PBXFileReference; includeInIndex = 1; lastKnownFileType = text.xcconfig; name = "Pods-Messenger.debug.xcconfig"; path = "Target Support Files/Pods-Messenger/Pods-Messenger.debug.xcconfig"; sourceTree = "<group>"; };
		2A9BA6C6401BA7FB4E062552 /* Pods-Messenger-MessengerUITests.release.xcconfig */ = {isa = PBXFileReference; includeInIndex = 1; lastKnownFileType = text.xcconfig; name = "Pods-Messenger-MessengerUITests.release.xcconfig"; path = "Target Support Files/Pods-Messenger-MessengerUITests/Pods-Messenger-MessengerUITests.release.xcconfig"; sourceTree = "<group>"; };
		2F56468DD8DA88A961471455 /* Pods-Messenger-MessengerUITests.debug.xcconfig */ = {isa = PBXFileReference; includeInIndex = 1; lastKnownFileType = text.xcconfig; name = "Pods-Messenger-MessengerUITests.debug.xcconfig"; path = "Target Support Files/Pods-Messenger-MessengerUITests/Pods-Messenger-MessengerUITests.debug.xcconfig"; sourceTree = "<group>"; };
		CABC95970EC4DCD6CB726B06 /* Pods_MessengerTests.framework */ = {isa = PBXFileReference; explicitFileType = wrapper.framework; includeInIndex = 0; path = Pods_MessengerTests.framework; sourceTree = BUILT_PRODUCTS_DIR; };
		D85CEB71F5E7845C768DD95D /* Pods-Messenger.release.xcconfig */ = {isa = PBXFileReference; includeInIndex = 1; lastKnownFileType = text.xcconfig; name = "Pods-Messenger.release.xcconfig"; path = "Target Support Files/Pods-Messenger/Pods-Messenger.release.xcconfig"; sourceTree = "<group>"; };
		E50B71A524E13D6F00DC0834 /* NewConversationCell.swift */ = {isa = PBXFileReference; lastKnownFileType = sourcecode.swift; path = NewConversationCell.swift; sourceTree = "<group>"; };
		E5190AD824DC0FCE0029941B /* ConversationTableViewCell.swift */ = {isa = PBXFileReference; lastKnownFileType = sourcecode.swift; path = ConversationTableViewCell.swift; sourceTree = "<group>"; };
		E554EC5C24CF03FF005A1BAD /* ChatViewController.swift */ = {isa = PBXFileReference; lastKnownFileType = sourcecode.swift; path = ChatViewController.swift; sourceTree = "<group>"; };
		E554EC5E24D06452005A1BAD /* StorageManager.swift */ = {isa = PBXFileReference; lastKnownFileType = sourcecode.swift; path = StorageManager.swift; sourceTree = "<group>"; };
		E590C3F324CA106400310D6E /* GoogleService-Info.plist */ = {isa = PBXFileReference; fileEncoding = 4; lastKnownFileType = text.plist.xml; path = "GoogleService-Info.plist"; sourceTree = "<group>"; };
		E590C3F524CA1DDB00310D6E /* DatabaseManager.swift */ = {isa = PBXFileReference; lastKnownFileType = sourcecode.swift; path = DatabaseManager.swift; sourceTree = "<group>"; };
		E5950B2F24EA8746007528ED /* LocationPickerViewController.swift */ = {isa = PBXFileReference; lastKnownFileType = sourcecode.swift; path = LocationPickerViewController.swift; sourceTree = "<group>"; };
		E5955A3224C6FF6600933185 /* Messenger.app */ = {isa = PBXFileReference; explicitFileType = wrapper.application; includeInIndex = 0; path = Messenger.app; sourceTree = BUILT_PRODUCTS_DIR; };
		E5955A3524C6FF6600933185 /* AppDelegate.swift */ = {isa = PBXFileReference; lastKnownFileType = sourcecode.swift; path = AppDelegate.swift; sourceTree = "<group>"; };
		E5955A3724C6FF6600933185 /* SceneDelegate.swift */ = {isa = PBXFileReference; lastKnownFileType = sourcecode.swift; path = SceneDelegate.swift; sourceTree = "<group>"; };
		E5955A3924C6FF6600933185 /* ConversationsViewController.swift */ = {isa = PBXFileReference; lastKnownFileType = sourcecode.swift; path = ConversationsViewController.swift; sourceTree = "<group>"; };
		E5955A3C24C6FF6600933185 /* Base */ = {isa = PBXFileReference; lastKnownFileType = file.storyboard; name = Base; path = Base.lproj/Main.storyboard; sourceTree = "<group>"; };
		E5955A3E24C6FF6700933185 /* Assets.xcassets */ = {isa = PBXFileReference; lastKnownFileType = folder.assetcatalog; path = Assets.xcassets; sourceTree = "<group>"; };
		E5955A4124C6FF6700933185 /* Base */ = {isa = PBXFileReference; lastKnownFileType = file.storyboard; name = Base; path = Base.lproj/LaunchScreen.storyboard; sourceTree = "<group>"; };
		E5955A4324C6FF6700933185 /* Info.plist */ = {isa = PBXFileReference; lastKnownFileType = text.plist.xml; path = Info.plist; sourceTree = "<group>"; };
		E5955A4824C6FF6700933185 /* MessengerTests.xctest */ = {isa = PBXFileReference; explicitFileType = wrapper.cfbundle; includeInIndex = 0; path = MessengerTests.xctest; sourceTree = BUILT_PRODUCTS_DIR; };
		E5955A4C24C6FF6700933185 /* MessengerTests.swift */ = {isa = PBXFileReference; lastKnownFileType = sourcecode.swift; path = MessengerTests.swift; sourceTree = "<group>"; };
		E5955A4E24C6FF6700933185 /* Info.plist */ = {isa = PBXFileReference; lastKnownFileType = text.plist.xml; path = Info.plist; sourceTree = "<group>"; };
		E5955A5324C6FF6700933185 /* MessengerUITests.xctest */ = {isa = PBXFileReference; explicitFileType = wrapper.cfbundle; includeInIndex = 0; path = MessengerUITests.xctest; sourceTree = BUILT_PRODUCTS_DIR; };
		E5955A5724C6FF6700933185 /* MessengerUITests.swift */ = {isa = PBXFileReference; lastKnownFileType = sourcecode.swift; path = MessengerUITests.swift; sourceTree = "<group>"; };
		E5955A5924C6FF6700933185 /* Info.plist */ = {isa = PBXFileReference; lastKnownFileType = text.plist.xml; path = Info.plist; sourceTree = "<group>"; };
		E5955A6B24C702F600933185 /* LoginViewController.swift */ = {isa = PBXFileReference; lastKnownFileType = sourcecode.swift; path = LoginViewController.swift; sourceTree = "<group>"; };
		E5955A6D24C7030900933185 /* RegisterViewController.swift */ = {isa = PBXFileReference; lastKnownFileType = sourcecode.swift; path = RegisterViewController.swift; sourceTree = "<group>"; };
		E5955A6F24C7032600933185 /* PhotoViewerViewController.swift */ = {isa = PBXFileReference; lastKnownFileType = sourcecode.swift; path = PhotoViewerViewController.swift; sourceTree = "<group>"; };
		E5955A7124C7033700933185 /* VideoPlayerViewController.swift */ = {isa = PBXFileReference; lastKnownFileType = sourcecode.swift; path = VideoPlayerViewController.swift; sourceTree = "<group>"; };
		E5955A7324C7036000933185 /* NewConversationViewController.swift */ = {isa = PBXFileReference; lastKnownFileType = sourcecode.swift; path = NewConversationViewController.swift; sourceTree = "<group>"; };
		E5955A7524C7037400933185 /* ProfileViewController.swift */ = {isa = PBXFileReference; lastKnownFileType = sourcecode.swift; path = ProfileViewController.swift; sourceTree = "<group>"; };
		E5955A7824C75B2F00933185 /* Extensions.swift */ = {isa = PBXFileReference; lastKnownFileType = sourcecode.swift; path = Extensions.swift; sourceTree = "<group>"; };
		E73F227862AECD07CE399356 /* Pods-MessengerTests.release.xcconfig */ = {isa = PBXFileReference; includeInIndex = 1; lastKnownFileType = text.xcconfig; name = "Pods-MessengerTests.release.xcconfig"; path = "Target Support Files/Pods-MessengerTests/Pods-MessengerTests.release.xcconfig"; sourceTree = "<group>"; };
		F88864DD9B2C062F245C1983 /* Pods-MessengerTests.debug.xcconfig */ = {isa = PBXFileReference; includeInIndex = 1; lastKnownFileType = text.xcconfig; name = "Pods-MessengerTests.debug.xcconfig"; path = "Target Support Files/Pods-MessengerTests/Pods-MessengerTests.debug.xcconfig"; sourceTree = "<group>"; };
/* End PBXFileReference section */

/* Begin PBXFrameworksBuildPhase section */
		E5955A2F24C6FF6600933185 /* Frameworks */ = {
			isa = PBXFrameworksBuildPhase;
			buildActionMask = 2147483647;
			files = (
				66AEABBF3C1BF6CF8C0F0838 /* Pods_Messenger.framework in Frameworks */,
			);
			runOnlyForDeploymentPostprocessing = 0;
		};
		E5955A4524C6FF6700933185 /* Frameworks */ = {
			isa = PBXFrameworksBuildPhase;
			buildActionMask = 2147483647;
			files = (
				B47101058C3E4644F80FD17E /* Pods_MessengerTests.framework in Frameworks */,
			);
			runOnlyForDeploymentPostprocessing = 0;
		};
		E5955A5024C6FF6700933185 /* Frameworks */ = {
			isa = PBXFrameworksBuildPhase;
			buildActionMask = 2147483647;
			files = (
				9864170DEA4B0B090CD223EB /* Pods_Messenger_MessengerUITests.framework in Frameworks */,
			);
			runOnlyForDeploymentPostprocessing = 0;
		};
/* End PBXFrameworksBuildPhase section */

/* Begin PBXGroup section */
		A7786D482411EF6C35442949 /* Frameworks */ = {
			isa = PBXGroup;
			children = (
				16A4799F384E20FF729E3DFF /* Pods_Messenger.framework */,
				2394F4FC58B0B8BE9D126EC0 /* Pods_Messenger_MessengerUITests.framework */,
				CABC95970EC4DCD6CB726B06 /* Pods_MessengerTests.framework */,
			);
			name = Frameworks;
			sourceTree = "<group>";
		};
		B8E63D3F80A32135D2C4482C /* Pods */ = {
			isa = PBXGroup;
			children = (
				28066C8C7B9EE6BD17EFC01D /* Pods-Messenger.debug.xcconfig */,
				D85CEB71F5E7845C768DD95D /* Pods-Messenger.release.xcconfig */,
				2F56468DD8DA88A961471455 /* Pods-Messenger-MessengerUITests.debug.xcconfig */,
				2A9BA6C6401BA7FB4E062552 /* Pods-Messenger-MessengerUITests.release.xcconfig */,
				F88864DD9B2C062F245C1983 /* Pods-MessengerTests.debug.xcconfig */,
				E73F227862AECD07CE399356 /* Pods-MessengerTests.release.xcconfig */,
			);
			path = Pods;
			sourceTree = "<group>";
		};
		E5955A2924C6FF6600933185 = {
			isa = PBXGroup;
			children = (
				E5955A3424C6FF6600933185 /* Messenger */,
				E5955A4B24C6FF6700933185 /* MessengerTests */,
				E5955A5624C6FF6700933185 /* MessengerUITests */,
				E5955A3324C6FF6600933185 /* Products */,
				B8E63D3F80A32135D2C4482C /* Pods */,
				A7786D482411EF6C35442949 /* Frameworks */,
			);
			sourceTree = "<group>";
		};
		E5955A3324C6FF6600933185 /* Products */ = {
			isa = PBXGroup;
			children = (
				E5955A3224C6FF6600933185 /* Messenger.app */,
				E5955A4824C6FF6700933185 /* MessengerTests.xctest */,
				E5955A5324C6FF6700933185 /* MessengerUITests.xctest */,
			);
			name = Products;
			sourceTree = "<group>";
		};
		E5955A3424C6FF6600933185 /* Messenger */ = {
			isa = PBXGroup;
			children = (
				E590C3F324CA106400310D6E /* GoogleService-Info.plist */,
				E5955A6924C7018F00933185 /* Resources */,
				E5955A6824C7018700933185 /* ViewModels  */,
				E5955A6724C7018100933185 /* Models */,
				E5955A6624C7017600933185 /* Views */,
				E5955A6524C7016B00933185 /* Controllers */,
				E5955A4324C6FF6700933185 /* Info.plist */,
			);
			path = Messenger;
			sourceTree = "<group>";
		};
		E5955A4B24C6FF6700933185 /* MessengerTests */ = {
			isa = PBXGroup;
			children = (
				E5955A4C24C6FF6700933185 /* MessengerTests.swift */,
				E5955A4E24C6FF6700933185 /* Info.plist */,
			);
			path = MessengerTests;
			sourceTree = "<group>";
		};
		E5955A5624C6FF6700933185 /* MessengerUITests */ = {
			isa = PBXGroup;
			children = (
				E5955A5724C6FF6700933185 /* MessengerUITests.swift */,
				E5955A5924C6FF6700933185 /* Info.plist */,
			);
			path = MessengerUITests;
			sourceTree = "<group>";
		};
		E5955A6524C7016B00933185 /* Controllers */ = {
			isa = PBXGroup;
			children = (
				E5955A3924C6FF6600933185 /* ConversationsViewController.swift */,
				E5955A7724C7047600933185 /* Login */,
				E5955A6F24C7032600933185 /* PhotoViewerViewController.swift */,
				E5955A7124C7033700933185 /* VideoPlayerViewController.swift */,
				E5955A7324C7036000933185 /* NewConversationViewController.swift */,
				E5955A7524C7037400933185 /* ProfileViewController.swift */,
				E554EC5C24CF03FF005A1BAD /* ChatViewController.swift */,
				E5950B2F24EA8746007528ED /* LocationPickerViewController.swift */,
			);
			path = Controllers;
			sourceTree = "<group>";
		};
		E5955A6624C7017600933185 /* Views */ = {
			isa = PBXGroup;
			children = (
				E5955A6A24C701C100933185 /* Storyboards */,
				E5955A3E24C6FF6700933185 /* Assets.xcassets */,
				E5190AD824DC0FCE0029941B /* ConversationTableViewCell.swift */,
				E50B71A524E13D6F00DC0834 /* NewConversationCell.swift */,
			);
			path = Views;
			sourceTree = "<group>";
		};
		E5955A6724C7018100933185 /* Models */ = {
			isa = PBXGroup;
			children = (
			);
			path = Models;
			sourceTree = "<group>";
		};
		E5955A6824C7018700933185 /* ViewModels  */ = {
			isa = PBXGroup;
			children = (
			);
			path = "ViewModels ";
			sourceTree = "<group>";
		};
		E5955A6924C7018F00933185 /* Resources */ = {
			isa = PBXGroup;
			children = (
				E5955A3524C6FF6600933185 /* AppDelegate.swift */,
				E5955A3724C6FF6600933185 /* SceneDelegate.swift */,
				E5955A7824C75B2F00933185 /* Extensions.swift */,
				E590C3F524CA1DDB00310D6E /* DatabaseManager.swift */,
				E554EC5E24D06452005A1BAD /* StorageManager.swift */,
			);
			path = Resources;
			sourceTree = "<group>";
		};
		E5955A6A24C701C100933185 /* Storyboards */ = {
			isa = PBXGroup;
			children = (
				E5955A3B24C6FF6600933185 /* Main.storyboard */,
				E5955A4024C6FF6700933185 /* LaunchScreen.storyboard */,
			);
			path = Storyboards;
			sourceTree = "<group>";
		};
		E5955A7724C7047600933185 /* Login */ = {
			isa = PBXGroup;
			children = (
				E5955A6B24C702F600933185 /* LoginViewController.swift */,
				E5955A6D24C7030900933185 /* RegisterViewController.swift */,
			);
			path = Login;
			sourceTree = "<group>";
		};
/* End PBXGroup section */

/* Begin PBXNativeTarget section */
		E5955A3124C6FF6600933185 /* Messenger */ = {
			isa = PBXNativeTarget;
			buildConfigurationList = E5955A5C24C6FF6700933185 /* Build configuration list for PBXNativeTarget "Messenger" */;
			buildPhases = (
				1C7E018987600BE1EE5F9D96 /* [CP] Check Pods Manifest.lock */,
				E5955A2E24C6FF6600933185 /* Sources */,
				E5955A2F24C6FF6600933185 /* Frameworks */,
				E5955A3024C6FF6600933185 /* Resources */,
				73419EA12FB3471C5AE55CDC /* [CP] Embed Pods Frameworks */,
				240F0B8DCD20337B414A4C72 /* [CP] Copy Pods Resources */,
				E5950B3124EADF29007528ED /* ShellScript */,
			);
			buildRules = (
			);
			dependencies = (
			);
			name = Messenger;
			productName = Messenger;
			productReference = E5955A3224C6FF6600933185 /* Messenger.app */;
			productType = "com.apple.product-type.application";
		};
		E5955A4724C6FF6700933185 /* MessengerTests */ = {
			isa = PBXNativeTarget;
			buildConfigurationList = E5955A5F24C6FF6700933185 /* Build configuration list for PBXNativeTarget "MessengerTests" */;
			buildPhases = (
				DB3D21EF6504F43EF4D5913F /* [CP] Check Pods Manifest.lock */,
				E5955A4424C6FF6700933185 /* Sources */,
				E5955A4524C6FF6700933185 /* Frameworks */,
				E5955A4624C6FF6700933185 /* Resources */,
			);
			buildRules = (
			);
			dependencies = (
				E5955A4A24C6FF6700933185 /* PBXTargetDependency */,
			);
			name = MessengerTests;
			productName = MessengerTests;
			productReference = E5955A4824C6FF6700933185 /* MessengerTests.xctest */;
			productType = "com.apple.product-type.bundle.unit-test";
		};
		E5955A5224C6FF6700933185 /* MessengerUITests */ = {
			isa = PBXNativeTarget;
			buildConfigurationList = E5955A6224C6FF6700933185 /* Build configuration list for PBXNativeTarget "MessengerUITests" */;
			buildPhases = (
				6E0B7CA96AF48FE22A80EE77 /* [CP] Check Pods Manifest.lock */,
				E5955A4F24C6FF6700933185 /* Sources */,
				E5955A5024C6FF6700933185 /* Frameworks */,
				E5955A5124C6FF6700933185 /* Resources */,
				3465A574E8FF857E27BE501D /* [CP] Embed Pods Frameworks */,
				7C9734DD885284D01E7A8512 /* [CP] Copy Pods Resources */,
			);
			buildRules = (
			);
			dependencies = (
				E5955A5524C6FF6700933185 /* PBXTargetDependency */,
			);
			name = MessengerUITests;
			productName = MessengerUITests;
			productReference = E5955A5324C6FF6700933185 /* MessengerUITests.xctest */;
			productType = "com.apple.product-type.bundle.ui-testing";
		};
/* End PBXNativeTarget section */

/* Begin PBXProject section */
		E5955A2A24C6FF6600933185 /* Project object */ = {
			isa = PBXProject;
			attributes = {
				LastSwiftUpdateCheck = 1160;
				LastUpgradeCheck = 1160;
				ORGANIZATIONNAME = "Hayk Zakaryan";
				TargetAttributes = {
					E5955A3124C6FF6600933185 = {
						CreatedOnToolsVersion = 11.6;
					};
					E5955A4724C6FF6700933185 = {
						CreatedOnToolsVersion = 11.6;
						TestTargetID = E5955A3124C6FF6600933185;
					};
					E5955A5224C6FF6700933185 = {
						CreatedOnToolsVersion = 11.6;
						TestTargetID = E5955A3124C6FF6600933185;
					};
				};
			};
			buildConfigurationList = E5955A2D24C6FF6600933185 /* Build configuration list for PBXProject "Messenger" */;
			compatibilityVersion = "Xcode 9.3";
			developmentRegion = en;
			hasScannedForEncodings = 0;
			knownRegions = (
				en,
				Base,
			);
			mainGroup = E5955A2924C6FF6600933185;
			productRefGroup = E5955A3324C6FF6600933185 /* Products */;
			projectDirPath = "";
			projectRoot = "";
			targets = (
				E5955A3124C6FF6600933185 /* Messenger */,
				E5955A4724C6FF6700933185 /* MessengerTests */,
				E5955A5224C6FF6700933185 /* MessengerUITests */,
			);
		};
/* End PBXProject section */

/* Begin PBXResourcesBuildPhase section */
		E5955A3024C6FF6600933185 /* Resources */ = {
			isa = PBXResourcesBuildPhase;
			buildActionMask = 2147483647;
			files = (
				E5955A4224C6FF6700933185 /* LaunchScreen.storyboard in Resources */,
				E590C3F424CA106400310D6E /* GoogleService-Info.plist in Resources */,
				E5955A3F24C6FF6700933185 /* Assets.xcassets in Resources */,
				E5955A3D24C6FF6600933185 /* Main.storyboard in Resources */,
			);
			runOnlyForDeploymentPostprocessing = 0;
		};
		E5955A4624C6FF6700933185 /* Resources */ = {
			isa = PBXResourcesBuildPhase;
			buildActionMask = 2147483647;
			files = (
			);
			runOnlyForDeploymentPostprocessing = 0;
		};
		E5955A5124C6FF6700933185 /* Resources */ = {
			isa = PBXResourcesBuildPhase;
			buildActionMask = 2147483647;
			files = (
			);
			runOnlyForDeploymentPostprocessing = 0;
		};
/* End PBXResourcesBuildPhase section */

/* Begin PBXShellScriptBuildPhase section */
		1C7E018987600BE1EE5F9D96 /* [CP] Check Pods Manifest.lock */ = {
			isa = PBXShellScriptBuildPhase;
			buildActionMask = 2147483647;
			files = (
			);
			inputFileListPaths = (
			);
			inputPaths = (
				"${PODS_PODFILE_DIR_PATH}/Podfile.lock",
				"${PODS_ROOT}/Manifest.lock",
			);
			name = "[CP] Check Pods Manifest.lock";
			outputFileListPaths = (
			);
			outputPaths = (
				"$(DERIVED_FILE_DIR)/Pods-Messenger-checkManifestLockResult.txt",
			);
			runOnlyForDeploymentPostprocessing = 0;
			shellPath = /bin/sh;
			shellScript = "diff \"${PODS_PODFILE_DIR_PATH}/Podfile.lock\" \"${PODS_ROOT}/Manifest.lock\" > /dev/null\nif [ $? != 0 ] ; then\n    # print error to STDERR\n    echo \"error: The sandbox is not in sync with the Podfile.lock. Run 'pod install' or update your CocoaPods installation.\" >&2\n    exit 1\nfi\n# This output is used by Xcode 'outputs' to avoid re-running this script phase.\necho \"SUCCESS\" > \"${SCRIPT_OUTPUT_FILE_0}\"\n";
			showEnvVarsInLog = 0;
		};
		240F0B8DCD20337B414A4C72 /* [CP] Copy Pods Resources */ = {
			isa = PBXShellScriptBuildPhase;
			buildActionMask = 2147483647;
			files = (
			);
			inputFileListPaths = (
				"${PODS_ROOT}/Target Support Files/Pods-Messenger/Pods-Messenger-resources-${CONFIGURATION}-input-files.xcfilelist",
			);
			name = "[CP] Copy Pods Resources";
			outputFileListPaths = (
				"${PODS_ROOT}/Target Support Files/Pods-Messenger/Pods-Messenger-resources-${CONFIGURATION}-output-files.xcfilelist",
			);
			runOnlyForDeploymentPostprocessing = 0;
			shellPath = /bin/sh;
			shellScript = "\"${PODS_ROOT}/Target Support Files/Pods-Messenger/Pods-Messenger-resources.sh\"\n";
			showEnvVarsInLog = 0;
		};
		3465A574E8FF857E27BE501D /* [CP] Embed Pods Frameworks */ = {
			isa = PBXShellScriptBuildPhase;
			buildActionMask = 2147483647;
			files = (
			);
			inputFileListPaths = (
				"${PODS_ROOT}/Target Support Files/Pods-Messenger-MessengerUITests/Pods-Messenger-MessengerUITests-frameworks-${CONFIGURATION}-input-files.xcfilelist",
			);
			name = "[CP] Embed Pods Frameworks";
			outputFileListPaths = (
				"${PODS_ROOT}/Target Support Files/Pods-Messenger-MessengerUITests/Pods-Messenger-MessengerUITests-frameworks-${CONFIGURATION}-output-files.xcfilelist",
			);
			runOnlyForDeploymentPostprocessing = 0;
			shellPath = /bin/sh;
			shellScript = "\"${PODS_ROOT}/Target Support Files/Pods-Messenger-MessengerUITests/Pods-Messenger-MessengerUITests-frameworks.sh\"\n";
			showEnvVarsInLog = 0;
		};
		6E0B7CA96AF48FE22A80EE77 /* [CP] Check Pods Manifest.lock */ = {
			isa = PBXShellScriptBuildPhase;
			buildActionMask = 2147483647;
			files = (
			);
			inputFileListPaths = (
			);
			inputPaths = (
				"${PODS_PODFILE_DIR_PATH}/Podfile.lock",
				"${PODS_ROOT}/Manifest.lock",
			);
			name = "[CP] Check Pods Manifest.lock";
			outputFileListPaths = (
			);
			outputPaths = (
				"$(DERIVED_FILE_DIR)/Pods-Messenger-MessengerUITests-checkManifestLockResult.txt",
			);
			runOnlyForDeploymentPostprocessing = 0;
			shellPath = /bin/sh;
			shellScript = "diff \"${PODS_PODFILE_DIR_PATH}/Podfile.lock\" \"${PODS_ROOT}/Manifest.lock\" > /dev/null\nif [ $? != 0 ] ; then\n    # print error to STDERR\n    echo \"error: The sandbox is not in sync with the Podfile.lock. Run 'pod install' or update your CocoaPods installation.\" >&2\n    exit 1\nfi\n# This output is used by Xcode 'outputs' to avoid re-running this script phase.\necho \"SUCCESS\" > \"${SCRIPT_OUTPUT_FILE_0}\"\n";
			showEnvVarsInLog = 0;
		};
		73419EA12FB3471C5AE55CDC /* [CP] Embed Pods Frameworks */ = {
			isa = PBXShellScriptBuildPhase;
			buildActionMask = 2147483647;
			files = (
			);
			inputFileListPaths = (
				"${PODS_ROOT}/Target Support Files/Pods-Messenger/Pods-Messenger-frameworks-${CONFIGURATION}-input-files.xcfilelist",
			);
			name = "[CP] Embed Pods Frameworks";
			outputFileListPaths = (
				"${PODS_ROOT}/Target Support Files/Pods-Messenger/Pods-Messenger-frameworks-${CONFIGURATION}-output-files.xcfilelist",
			);
			runOnlyForDeploymentPostprocessing = 0;
			shellPath = /bin/sh;
			shellScript = "\"${PODS_ROOT}/Target Support Files/Pods-Messenger/Pods-Messenger-frameworks.sh\"\n";
			showEnvVarsInLog = 0;
		};
		7C9734DD885284D01E7A8512 /* [CP] Copy Pods Resources */ = {
			isa = PBXShellScriptBuildPhase;
			buildActionMask = 2147483647;
			files = (
			);
			inputFileListPaths = (
				"${PODS_ROOT}/Target Support Files/Pods-Messenger-MessengerUITests/Pods-Messenger-MessengerUITests-resources-${CONFIGURATION}-input-files.xcfilelist",
			);
			name = "[CP] Copy Pods Resources";
			outputFileListPaths = (
				"${PODS_ROOT}/Target Support Files/Pods-Messenger-MessengerUITests/Pods-Messenger-MessengerUITests-resources-${CONFIGURATION}-output-files.xcfilelist",
			);
			runOnlyForDeploymentPostprocessing = 0;
			shellPath = /bin/sh;
			shellScript = "\"${PODS_ROOT}/Target Support Files/Pods-Messenger-MessengerUITests/Pods-Messenger-MessengerUITests-resources.sh\"\n";
			showEnvVarsInLog = 0;
		};
		DB3D21EF6504F43EF4D5913F /* [CP] Check Pods Manifest.lock */ = {
			isa = PBXShellScriptBuildPhase;
			buildActionMask = 2147483647;
			files = (
			);
			inputFileListPaths = (
			);
			inputPaths = (
				"${PODS_PODFILE_DIR_PATH}/Podfile.lock",
				"${PODS_ROOT}/Manifest.lock",
			);
			name = "[CP] Check Pods Manifest.lock";
			outputFileListPaths = (
			);
			outputPaths = (
				"$(DERIVED_FILE_DIR)/Pods-MessengerTests-checkManifestLockResult.txt",
			);
			runOnlyForDeploymentPostprocessing = 0;
			shellPath = /bin/sh;
			shellScript = "diff \"${PODS_PODFILE_DIR_PATH}/Podfile.lock\" \"${PODS_ROOT}/Manifest.lock\" > /dev/null\nif [ $? != 0 ] ; then\n    # print error to STDERR\n    echo \"error: The sandbox is not in sync with the Podfile.lock. Run 'pod install' or update your CocoaPods installation.\" >&2\n    exit 1\nfi\n# This output is used by Xcode 'outputs' to avoid re-running this script phase.\necho \"SUCCESS\" > \"${SCRIPT_OUTPUT_FILE_0}\"\n";
			showEnvVarsInLog = 0;
		};
		E5950B3124EADF29007528ED /* ShellScript */ = {
			isa = PBXShellScriptBuildPhase;
			buildActionMask = 2147483647;
			files = (
			);
			inputFileListPaths = (
			);
			inputPaths = (
			);
			outputFileListPaths = (
			);
			outputPaths = (
			);
			runOnlyForDeploymentPostprocessing = 0;
			shellPath = /bin/sh;
			shellScript = "\"${PODS_ROOT}/FirebaseCrashlytics/run\"\n\n";
		};
/* End PBXShellScriptBuildPhase section */

/* Begin PBXSourcesBuildPhase section */
		E5955A2E24C6FF6600933185 /* Sources */ = {
			isa = PBXSourcesBuildPhase;
			buildActionMask = 2147483647;
			files = (
				E5955A6C24C702F600933185 /* LoginViewController.swift in Sources */,
				E50B71A624E13D6F00DC0834 /* NewConversationCell.swift in Sources */,
				E590C3F624CA1DDB00310D6E /* DatabaseManager.swift in Sources */,
				E5955A6E24C7030900933185 /* RegisterViewController.swift in Sources */,
				E5955A7424C7036000933185 /* NewConversationViewController.swift in Sources */,
				E5955A3A24C6FF6600933185 /* ConversationsViewController.swift in Sources */,
				E5955A7224C7033700933185 /* VideoPlayerViewController.swift in Sources */,
				E5955A7924C75B2F00933185 /* Extensions.swift in Sources */,
				E5955A3624C6FF6600933185 /* AppDelegate.swift in Sources */,
				E5955A7624C7037400933185 /* ProfileViewController.swift in Sources */,
				E5955A3824C6FF6600933185 /* SceneDelegate.swift in Sources */,
				E5190AD924DC0FCE0029941B /* ConversationTableViewCell.swift in Sources */,
				E554EC5D24CF03FF005A1BAD /* ChatViewController.swift in Sources */,
				E5955A7024C7032600933185 /* PhotoViewerViewController.swift in Sources */,
				E554EC5F24D06452005A1BAD /* StorageManager.swift in Sources */,
				E5950B3024EA8746007528ED /* LocationPickerViewController.swift in Sources */,
			);
			runOnlyForDeploymentPostprocessing = 0;
		};
		E5955A4424C6FF6700933185 /* Sources */ = {
			isa = PBXSourcesBuildPhase;
			buildActionMask = 2147483647;
			files = (
				E5955A4D24C6FF6700933185 /* MessengerTests.swift in Sources */,
			);
			runOnlyForDeploymentPostprocessing = 0;
		};
		E5955A4F24C6FF6700933185 /* Sources */ = {
			isa = PBXSourcesBuildPhase;
			buildActionMask = 2147483647;
			files = (
				E5955A5824C6FF6700933185 /* MessengerUITests.swift in Sources */,
			);
			runOnlyForDeploymentPostprocessing = 0;
		};
/* End PBXSourcesBuildPhase section */

/* Begin PBXTargetDependency section */
		E5955A4A24C6FF6700933185 /* PBXTargetDependency */ = {
			isa = PBXTargetDependency;
			target = E5955A3124C6FF6600933185 /* Messenger */;
			targetProxy = E5955A4924C6FF6700933185 /* PBXContainerItemProxy */;
		};
		E5955A5524C6FF6700933185 /* PBXTargetDependency */ = {
			isa = PBXTargetDependency;
			target = E5955A3124C6FF6600933185 /* Messenger */;
			targetProxy = E5955A5424C6FF6700933185 /* PBXContainerItemProxy */;
		};
/* End PBXTargetDependency section */

/* Begin PBXVariantGroup section */
		E5955A3B24C6FF6600933185 /* Main.storyboard */ = {
			isa = PBXVariantGroup;
			children = (
				E5955A3C24C6FF6600933185 /* Base */,
			);
			name = Main.storyboard;
			sourceTree = "<group>";
		};
		E5955A4024C6FF6700933185 /* LaunchScreen.storyboard */ = {
			isa = PBXVariantGroup;
			children = (
				E5955A4124C6FF6700933185 /* Base */,
			);
			name = LaunchScreen.storyboard;
			sourceTree = "<group>";
		};
/* End PBXVariantGroup section */

/* Begin XCBuildConfiguration section */
		E5955A5A24C6FF6700933185 /* Debug */ = {
			isa = XCBuildConfiguration;
			buildSettings = {
				ALWAYS_SEARCH_USER_PATHS = NO;
				CLANG_ANALYZER_NONNULL = YES;
				CLANG_ANALYZER_NUMBER_OBJECT_CONVERSION = YES_AGGRESSIVE;
				CLANG_CXX_LANGUAGE_STANDARD = "gnu++14";
				CLANG_CXX_LIBRARY = "libc++";
				CLANG_ENABLE_MODULES = YES;
				CLANG_ENABLE_OBJC_ARC = YES;
				CLANG_ENABLE_OBJC_WEAK = YES;
				CLANG_WARN_BLOCK_CAPTURE_AUTORELEASING = YES;
				CLANG_WARN_BOOL_CONVERSION = YES;
				CLANG_WARN_COMMA = YES;
				CLANG_WARN_CONSTANT_CONVERSION = YES;
				CLANG_WARN_DEPRECATED_OBJC_IMPLEMENTATIONS = YES;
				CLANG_WARN_DIRECT_OBJC_ISA_USAGE = YES_ERROR;
				CLANG_WARN_DOCUMENTATION_COMMENTS = YES;
				CLANG_WARN_EMPTY_BODY = YES;
				CLANG_WARN_ENUM_CONVERSION = YES;
				CLANG_WARN_INFINITE_RECURSION = YES;
				CLANG_WARN_INT_CONVERSION = YES;
				CLANG_WARN_NON_LITERAL_NULL_CONVERSION = YES;
				CLANG_WARN_OBJC_IMPLICIT_RETAIN_SELF = YES;
				CLANG_WARN_OBJC_LITERAL_CONVERSION = YES;
				CLANG_WARN_OBJC_ROOT_CLASS = YES_ERROR;
				CLANG_WARN_RANGE_LOOP_ANALYSIS = YES;
				CLANG_WARN_STRICT_PROTOTYPES = YES;
				CLANG_WARN_SUSPICIOUS_MOVE = YES;
				CLANG_WARN_UNGUARDED_AVAILABILITY = YES_AGGRESSIVE;
				CLANG_WARN_UNREACHABLE_CODE = YES;
				CLANG_WARN__DUPLICATE_METHOD_MATCH = YES;
				COPY_PHASE_STRIP = NO;
				DEBUG_INFORMATION_FORMAT = dwarf;
				ENABLE_STRICT_OBJC_MSGSEND = YES;
				ENABLE_TESTABILITY = YES;
				GCC_C_LANGUAGE_STANDARD = gnu11;
				GCC_DYNAMIC_NO_PIC = NO;
				GCC_NO_COMMON_BLOCKS = YES;
				GCC_OPTIMIZATION_LEVEL = 0;
				GCC_PREPROCESSOR_DEFINITIONS = (
					"DEBUG=1",
					"$(inherited)",
				);
				GCC_WARN_64_TO_32_BIT_CONVERSION = YES;
				GCC_WARN_ABOUT_RETURN_TYPE = YES_ERROR;
				GCC_WARN_UNDECLARED_SELECTOR = YES;
				GCC_WARN_UNINITIALIZED_AUTOS = YES_AGGRESSIVE;
				GCC_WARN_UNUSED_FUNCTION = YES;
				GCC_WARN_UNUSED_VARIABLE = YES;
				IPHONEOS_DEPLOYMENT_TARGET = 13.6;
				MTL_ENABLE_DEBUG_INFO = INCLUDE_SOURCE;
				MTL_FAST_MATH = YES;
				ONLY_ACTIVE_ARCH = YES;
				SDKROOT = iphoneos;
				SWIFT_ACTIVE_COMPILATION_CONDITIONS = DEBUG;
				SWIFT_OPTIMIZATION_LEVEL = "-Onone";
			};
			name = Debug;
		};
		E5955A5B24C6FF6700933185 /* Release */ = {
			isa = XCBuildConfiguration;
			buildSettings = {
				ALWAYS_SEARCH_USER_PATHS = NO;
				CLANG_ANALYZER_NONNULL = YES;
				CLANG_ANALYZER_NUMBER_OBJECT_CONVERSION = YES_AGGRESSIVE;
				CLANG_CXX_LANGUAGE_STANDARD = "gnu++14";
				CLANG_CXX_LIBRARY = "libc++";
				CLANG_ENABLE_MODULES = YES;
				CLANG_ENABLE_OBJC_ARC = YES;
				CLANG_ENABLE_OBJC_WEAK = YES;
				CLANG_WARN_BLOCK_CAPTURE_AUTORELEASING = YES;
				CLANG_WARN_BOOL_CONVERSION = YES;
				CLANG_WARN_COMMA = YES;
				CLANG_WARN_CONSTANT_CONVERSION = YES;
				CLANG_WARN_DEPRECATED_OBJC_IMPLEMENTATIONS = YES;
				CLANG_WARN_DIRECT_OBJC_ISA_USAGE = YES_ERROR;
				CLANG_WARN_DOCUMENTATION_COMMENTS = YES;
				CLANG_WARN_EMPTY_BODY = YES;
				CLANG_WARN_ENUM_CONVERSION = YES;
				CLANG_WARN_INFINITE_RECURSION = YES;
				CLANG_WARN_INT_CONVERSION = YES;
				CLANG_WARN_NON_LITERAL_NULL_CONVERSION = YES;
				CLANG_WARN_OBJC_IMPLICIT_RETAIN_SELF = YES;
				CLANG_WARN_OBJC_LITERAL_CONVERSION = YES;
				CLANG_WARN_OBJC_ROOT_CLASS = YES_ERROR;
				CLANG_WARN_RANGE_LOOP_ANALYSIS = YES;
				CLANG_WARN_STRICT_PROTOTYPES = YES;
				CLANG_WARN_SUSPICIOUS_MOVE = YES;
				CLANG_WARN_UNGUARDED_AVAILABILITY = YES_AGGRESSIVE;
				CLANG_WARN_UNREACHABLE_CODE = YES;
				CLANG_WARN__DUPLICATE_METHOD_MATCH = YES;
				COPY_PHASE_STRIP = NO;
				DEBUG_INFORMATION_FORMAT = "dwarf-with-dsym";
				ENABLE_NS_ASSERTIONS = NO;
				ENABLE_STRICT_OBJC_MSGSEND = YES;
				GCC_C_LANGUAGE_STANDARD = gnu11;
				GCC_NO_COMMON_BLOCKS = YES;
				GCC_WARN_64_TO_32_BIT_CONVERSION = YES;
				GCC_WARN_ABOUT_RETURN_TYPE = YES_ERROR;
				GCC_WARN_UNDECLARED_SELECTOR = YES;
				GCC_WARN_UNINITIALIZED_AUTOS = YES_AGGRESSIVE;
				GCC_WARN_UNUSED_FUNCTION = YES;
				GCC_WARN_UNUSED_VARIABLE = YES;
				IPHONEOS_DEPLOYMENT_TARGET = 13.6;
				MTL_ENABLE_DEBUG_INFO = NO;
				MTL_FAST_MATH = YES;
				SDKROOT = iphoneos;
				SWIFT_COMPILATION_MODE = wholemodule;
				SWIFT_OPTIMIZATION_LEVEL = "-O";
				VALIDATE_PRODUCT = YES;
			};
			name = Release;
		};
		E5955A5D24C6FF6700933185 /* Debug */ = {
			isa = XCBuildConfiguration;
			baseConfigurationReference = 28066C8C7B9EE6BD17EFC01D /* Pods-Messenger.debug.xcconfig */;
			buildSettings = {
				ASSETCATALOG_COMPILER_APPICON_NAME = AppIcon;
				CODE_SIGN_STYLE = Automatic;
				INFOPLIST_FILE = Messenger/Info.plist;
				IPHONEOS_DEPLOYMENT_TARGET = 13.6;
				LD_RUNPATH_SEARCH_PATHS = (
					"$(inherited)",
					"@executable_path/Frameworks",
				);
				PRODUCT_BUNDLE_IDENTIFIER = haykz.Messenger;
				PRODUCT_NAME = "$(TARGET_NAME)";
				SWIFT_VERSION = 5.0;
				TARGETED_DEVICE_FAMILY = "1,2";
			};
			name = Debug;
		};
		E5955A5E24C6FF6700933185 /* Release */ = {
			isa = XCBuildConfiguration;
			baseConfigurationReference = D85CEB71F5E7845C768DD95D /* Pods-Messenger.release.xcconfig */;
			buildSettings = {
				ASSETCATALOG_COMPILER_APPICON_NAME = AppIcon;
				CODE_SIGN_STYLE = Automatic;
				INFOPLIST_FILE = Messenger/Info.plist;
				IPHONEOS_DEPLOYMENT_TARGET = 13.6;
				LD_RUNPATH_SEARCH_PATHS = (
					"$(inherited)",
					"@executable_path/Frameworks",
				);
				PRODUCT_BUNDLE_IDENTIFIER = haykz.Messenger;
				PRODUCT_NAME = "$(TARGET_NAME)";
				SWIFT_VERSION = 5.0;
				TARGETED_DEVICE_FAMILY = "1,2";
			};
			name = Release;
		};
		E5955A6024C6FF6700933185 /* Debug */ = {
			isa = XCBuildConfiguration;
			baseConfigurationReference = F88864DD9B2C062F245C1983 /* Pods-MessengerTests.debug.xcconfig */;
			buildSettings = {
				ALWAYS_EMBED_SWIFT_STANDARD_LIBRARIES = YES;
				BUNDLE_LOADER = "$(TEST_HOST)";
				CODE_SIGN_STYLE = Automatic;
				INFOPLIST_FILE = MessengerTests/Info.plist;
				IPHONEOS_DEPLOYMENT_TARGET = 13.6;
				LD_RUNPATH_SEARCH_PATHS = (
					"$(inherited)",
					"@executable_path/Frameworks",
					"@loader_path/Frameworks",
				);
				PRODUCT_BUNDLE_IDENTIFIER = haykz.MessengerTests;
				PRODUCT_NAME = "$(TARGET_NAME)";
				SWIFT_VERSION = 5.0;
				TARGETED_DEVICE_FAMILY = "1,2";
				TEST_HOST = "$(BUILT_PRODUCTS_DIR)/Messenger.app/Messenger";
			};
			name = Debug;
		};
		E5955A6124C6FF6700933185 /* Release */ = {
			isa = XCBuildConfiguration;
			baseConfigurationReference = E73F227862AECD07CE399356 /* Pods-MessengerTests.release.xcconfig */;
			buildSettings = {
				ALWAYS_EMBED_SWIFT_STANDARD_LIBRARIES = YES;
				BUNDLE_LOADER = "$(TEST_HOST)";
				CODE_SIGN_STYLE = Automatic;
				INFOPLIST_FILE = MessengerTests/Info.plist;
				IPHONEOS_DEPLOYMENT_TARGET = 13.6;
				LD_RUNPATH_SEARCH_PATHS = (
					"$(inherited)",
					"@executable_path/Frameworks",
					"@loader_path/Frameworks",
				);
				PRODUCT_BUNDLE_IDENTIFIER = haykz.MessengerTests;
				PRODUCT_NAME = "$(TARGET_NAME)";
				SWIFT_VERSION = 5.0;
				TARGETED_DEVICE_FAMILY = "1,2";
				TEST_HOST = "$(BUILT_PRODUCTS_DIR)/Messenger.app/Messenger";
			};
			name = Release;
		};
		E5955A6324C6FF6700933185 /* Debug */ = {
			isa = XCBuildConfiguration;
			baseConfigurationReference = 2F56468DD8DA88A961471455 /* Pods-Messenger-MessengerUITests.debug.xcconfig */;
			buildSettings = {
				ALWAYS_EMBED_SWIFT_STANDARD_LIBRARIES = YES;
				CODE_SIGN_STYLE = Automatic;
				INFOPLIST_FILE = MessengerUITests/Info.plist;
				LD_RUNPATH_SEARCH_PATHS = (
					"$(inherited)",
					"@executable_path/Frameworks",
					"@loader_path/Frameworks",
				);
				PRODUCT_BUNDLE_IDENTIFIER = haykz.MessengerUITests;
				PRODUCT_NAME = "$(TARGET_NAME)";
				SWIFT_VERSION = 5.0;
				TARGETED_DEVICE_FAMILY = "1,2";
				TEST_TARGET_NAME = Messenger;
			};
			name = Debug;
		};
		E5955A6424C6FF6700933185 /* Release */ = {
			isa = XCBuildConfiguration;
			baseConfigurationReference = 2A9BA6C6401BA7FB4E062552 /* Pods-Messenger-MessengerUITests.release.xcconfig */;
			buildSettings = {
				ALWAYS_EMBED_SWIFT_STANDARD_LIBRARIES = YES;
				CODE_SIGN_STYLE = Automatic;
				INFOPLIST_FILE = MessengerUITests/Info.plist;
				LD_RUNPATH_SEARCH_PATHS = (
					"$(inherited)",
					"@executable_path/Frameworks",
					"@loader_path/Frameworks",
				);
				PRODUCT_BUNDLE_IDENTIFIER = haykz.MessengerUITests;
				PRODUCT_NAME = "$(TARGET_NAME)";
				SWIFT_VERSION = 5.0;
				TARGETED_DEVICE_FAMILY = "1,2";
				TEST_TARGET_NAME = Messenger;
			};
			name = Release;
		};
/* End XCBuildConfiguration section */

/* Begin XCConfigurationList section */
		E5955A2D24C6FF6600933185 /* Build configuration list for PBXProject "Messenger" */ = {
			isa = XCConfigurationList;
			buildConfigurations = (
				E5955A5A24C6FF6700933185 /* Debug */,
				E5955A5B24C6FF6700933185 /* Release */,
			);
			defaultConfigurationIsVisible = 0;
			defaultConfigurationName = Release;
		};
		E5955A5C24C6FF6700933185 /* Build configuration list for PBXNativeTarget "Messenger" */ = {
			isa = XCConfigurationList;
			buildConfigurations = (
				E5955A5D24C6FF6700933185 /* Debug */,
				E5955A5E24C6FF6700933185 /* Release */,
			);
			defaultConfigurationIsVisible = 0;
			defaultConfigurationName = Release;
		};
		E5955A5F24C6FF6700933185 /* Build configuration list for PBXNativeTarget "MessengerTests" */ = {
			isa = XCConfigurationList;
			buildConfigurations = (
				E5955A6024C6FF6700933185 /* Debug */,
				E5955A6124C6FF6700933185 /* Release */,
			);
			defaultConfigurationIsVisible = 0;
			defaultConfigurationName = Release;
		};
		E5955A6224C6FF6700933185 /* Build configuration list for PBXNativeTarget "MessengerUITests" */ = {
			isa = XCConfigurationList;
			buildConfigurations = (
				E5955A6324C6FF6700933185 /* Debug */,
				E5955A6424C6FF6700933185 /* Release */,
			);
			defaultConfigurationIsVisible = 0;
			defaultConfigurationName = Release;
		};
/* End XCConfigurationList section */
	};
	rootObject = E5955A2A24C6FF6600933185 /* Project object */;
}
